{
  "name": "form",
  "lockfileVersion": 3,
  "requires": true,
  "packages": {
    "": {
      "dependencies": {
        "find-most-similar": "^1.0.3"
      }
    },
    "node_modules/find-most-similar": {
      "version": "1.0.3",
      "resolved": "https://registry.npmjs.org/find-most-similar/-/find-most-similar-1.0.3.tgz",
      "integrity": "sha512-abCEI/jbQn0mcNFj34iMh9mr7gbBXQ4AVSXJ4/2iYPFpkRGYdohfoqzK2RS+AfWnAnkEf0J7i1t91T052AXY2g=="
    }
  }
}
